{
  "name": "owbastion-workshop-tools",
  "version": "0.1.3",
  "lockfileVersion": 3,
  "requires": true,
  "packages": {
    "": {
      "name": "owbastion-workshop-tools",
      "version": "0.1.3",
      "license": "AGPL-3.0",
      "dependencies": {
        "overpy": "^9.7.9"
      },
      "bin": {
        "analyze_workshop": "bin/analyze_workshop.js",
        "compile_overpy": "bin/compile_overpy.js",
        "fetch_workshop_doc": "bin/fetch_workshop_doc.js",
        "find_references": "bin/find_references.js",
        "find_symbol": "bin/find_symbol.js",
        "inspect_rule": "bin/inspect_rule.js",
        "search_workshop_docs": "bin/search_workshop_docs.js"
      },
      "engines": {
        "node": ">=20"
      }
    },
    "node_modules/overpy": {
      "version": "9.7.9",
      "resolved": "https://registry.npmjs.org/overpy/-/overpy-9.7.9.tgz",
      "integrity": "sha512-X18KeAw7qsbNwFESVEiIDidvbVpmcYhHBCGVqO5DPvaOXMs30ZxrODVfHaWHpiskNQ2GXdJ16jblPcFho07wZw==",
      "bin": {
        "overpy": "cli.js"
      }
    }
  }
}
